
Microsoft Visual Studio Solution File, Format Version 12.00
# Visual Studio 15
VisualStudioVersion = 15.0.28307.572
MinimumVisualStudioVersion = 10.0.40219.1
Project("{9A19103F-16F7-4668-BE54-9A1E7A4F7556}") = "01. EasterLunch", "01. EasterLunch\01. EasterLunch.csproj", "{AC207C0B-2473-4EB7-B92C-02B1C58A21A8}"
EndProject
Project("{9A19103F-16F7-4668-BE54-9A1E7A4F7556}") = "02. EasterParty", "02. EasterParty\02. EasterParty.csproj", "{FBAD50C0-D168-4EE6-889F-2747A5624631}"
EndProject
Project("{9A19103F-16F7-4668-BE54-9A1E7A4F7556}") = "03. EasterTrip", "03. EasterTrip\03. EasterTrip.csproj", "{C5E0AEE5-55D8-40C3-9230-617BA08C46C9}"
EndProject
Project("{9A19103F-16F7-4668-BE54-9A1E7A4F7556}") = "04. EasterEggsBattle", "04. EasterEggsBattle\04. EasterEggsBattle.csproj", "{81581756-6039-409D-8D4F-41CD29587C89}"
EndProject
Project("{9A19103F-16F7-4668-BE54-9A1E7A4F7556}") = "05. EasterEggs", "05. EasterEggs\05. EasterEggs.csproj", "{4CD61668-9570-47FD-8F11-633B9D6AA718}"
EndProject
Project("{9A19103F-16F7-4668-BE54-9A1E7A4F7556}") = "06. EasterCompetition", "06. EasterCompetition\06. EasterCompetition.csproj", "{36A3A1D9-5EDE-408D-9A19-D74BCF9715C7}"
EndProject
Project("{9A19103F-16F7-4668-BE54-9A1E7A4F7556}") = "07. Hospital", "07. Hospital\07. Hospital.csproj", "{1385EFA5-C22B-406A-9726-EE433DDA44A8}"
EndProject
Project("{FAE04EC0-301F-11D3-BF4B-00C04F79EFBC}") = "06. EasterDecoration", "06. EasterDecoration\06. EasterDecoration.csproj", "{61490841-6EE5-491A-A496-38BE2A0E7386}"
EndProject
Global
	GlobalSection(SolutionConfigurationPlatforms) = preSolution
		Debug|Any CPU = Debug|Any CPU
		Release|Any CPU = Release|Any CPU
	EndGlobalSection
	GlobalSection(ProjectConfigurationPlatforms) = postSolution
		{AC207C0B-2473-4EB7-B92C-02B1C58A21A8}.Debug|Any CPU.ActiveCfg = Debug|Any CPU
		{AC207C0B-2473-4EB7-B92C-02B1C58A21A8}.Debug|Any CPU.Build.0 = Debug|Any CPU
		{AC207C0B-2473-4EB7-B92C-02B1C58A21A8}.Release|Any CPU.ActiveCfg = Release|Any CPU
		{AC207C0B-2473-4EB7-B92C-02B1C58A21A8}.Release|Any CPU.Build.0 = Release|Any CPU
		{FBAD50C0-D168-4EE6-889F-2747A5624631}.Debug|Any CPU.ActiveCfg = Debug|Any CPU
		{FBAD50C0-D168-4EE6-889F-2747A5624631}.Debug|Any CPU.Build.0 = Debug|Any CPU
		{FBAD50C0-D168-4EE6-889F-2747A5624631}.Release|Any CPU.ActiveCfg = Release|Any CPU
		{FBAD50C0-D168-4EE6-889F-2747A5624631}.Release|Any CPU.Build.0 = Release|Any CPU
		{C5E0AEE5-55D8-40C3-9230-617BA08C46C9}.Debug|Any CPU.ActiveCfg = Debug|Any CPU
		{C5E0AEE5-55D8-40C3-9230-617BA08C46C9}.Debug|Any CPU.Build.0 = Debug|Any CPU
		{C5E0AEE5-55D8-40C3-9230-617BA08C46C9}.Release|Any CPU.ActiveCfg = Release|Any CPU
		{C5E0AEE5-55D8-40C3-9230-617BA08C46C9}.Release|Any CPU.Build.0 = Release|Any CPU
		{81581756-6039-409D-8D4F-41CD29587C89}.Debug|Any CPU.ActiveCfg = Debug|Any CPU
		{81581756-6039-409D-8D4F-41CD29587C89}.Debug|Any CPU.Build.0 = Debug|Any CPU
		{81581756-6039-409D-8D4F-41CD29587C89}.Release|Any CPU.ActiveCfg = Release|Any CPU
		{81581756-6039-409D-8D4F-41CD29587C89}.Release|Any CPU.Build.0 = Release|Any CPU
		{4CD61668-9570-47FD-8F11-633B9D6AA718}.Debug|Any CPU.ActiveCfg = Debug|Any CPU
		{4CD61668-9570-47FD-8F11-633B9D6AA718}.Debug|Any CPU.Build.0 = Debug|Any CPU
		{4CD61668-9570-47FD-8F11-633B9D6AA718}.Release|Any CPU.ActiveCfg = Release|Any CPU
		{4CD61668-9570-47FD-8F11-633B9D6AA718}.Release|Any CPU.Build.0 = Release|Any CPU
		{36A3A1D9-5EDE-408D-9A19-D74BCF9715C7}.Debug|Any CPU.ActiveCfg = Debug|Any CPU
		{36A3A1D9-5EDE-408D-9A19-D74BCF9715C7}.Debug|Any CPU.Build.0 = Debug|Any CPU
		{36A3A1D9-5EDE-408D-9A19-D74BCF9715C7}.Release|Any CPU.ActiveCfg = Release|Any CPU
		{36A3A1D9-5EDE-408D-9A19-D74BCF9715C7}.Release|Any CPU.Build.0 = Release|Any CPU
		{1385EFA5-C22B-406A-9726-EE433DDA44A8}.Debug|Any CPU.ActiveCfg = Debug|Any CPU
		{1385EFA5-C22B-406A-9726-EE433DDA44A8}.Debug|Any CPU.Build.0 = Debug|Any CPU
		{1385EFA5-C22B-406A-9726-EE433DDA44A8}.Release|Any CPU.ActiveCfg = Release|Any CPU
		{1385EFA5-C22B-406A-9726-EE433DDA44A8}.Release|Any CPU.Build.0 = Release|Any CPU
		{61490841-6EE5-491A-A496-38BE2A0E7386}.Debug|Any CPU.ActiveCfg = Debug|Any CPU
		{61490841-6EE5-491A-A496-38BE2A0E7386}.Debug|Any CPU.Build.0 = Debug|Any CPU
		{61490841-6EE5-491A-A496-38BE2A0E7386}.Release|Any CPU.ActiveCfg = Release|Any CPU
		{61490841-6EE5-491A-A496-38BE2A0E7386}.Release|Any CPU.Build.0 = Release|Any CPU
	EndGlobalSection
	GlobalSection(SolutionProperties) = preSolution
		HideSolutionNode = FALSE
	EndGlobalSection
	GlobalSection(ExtensibilityGlobals) = postSolution
		SolutionGuid = {1C39AE06-25C7-4FF2-B289-9484E19382B4}
	EndGlobalSection
EndGlobal
