
Microsoft Visual Studio Solution File, Format Version 12.00
# Visual Studio Version 16
VisualStudioVersion = 16.0.28803.452
MinimumVisualStudioVersion = 10.0.40219.1
Project("{9A19103F-16F7-4668-BE54-9A1E7A4F7556}") = "P08_Military Elite", "P08_Military Elite\P08_Military Elite.csproj", "{45DB617B-A50F-475D-8345-0EF9C028B625}"
EndProject
Global
	GlobalSection(SolutionConfigurationPlatforms) = preSolution
		Debug|Any CPU = Debug|Any CPU
		Release|Any CPU = Release|Any CPU
	EndGlobalSection
	GlobalSection(ProjectConfigurationPlatforms) = postSolution
		{45DB617B-A50F-475D-8345-0EF9C028B625}.Debug|Any CPU.ActiveCfg = Debug|Any CPU
		{45DB617B-A50F-475D-8345-0EF9C028B625}.Debug|Any CPU.Build.0 = Debug|Any CPU
		{45DB617B-A50F-475D-8345-0EF9C028B625}.Release|Any CPU.ActiveCfg = Release|Any CPU
		{45DB617B-A50F-475D-8345-0EF9C028B625}.Release|Any CPU.Build.0 = Release|Any CPU
	EndGlobalSection
	GlobalSection(SolutionProperties) = preSolution
		HideSolutionNode = FALSE
	EndGlobalSection
	GlobalSection(ExtensibilityGlobals) = postSolution
		SolutionGuid = {164B39BF-8289-42AC-9F11-F1AB7903B793}
	EndGlobalSection
EndGlobal
